
Microsoft Visual Studio Solution File, Format Version 12.00
# Visual Studio Version 17
VisualStudioVersion = 17.0.31903.59
MinimumVisualStudioVersion = 10.0.40219.1
Project("{FAE04EC0-301F-11D3-BF4B-00C04F79EFBC}") = "Ecommerce", "Ecommerce\Ecommerce.csproj", "{AE21FF43-435A-4372-9A31-6AE9C0B7CD50}"
EndProject
Global
	GlobalSection(SolutionConfigurationPlatforms) = preSolution
		Debug|Any CPU = Debug|Any CPU
		Release|Any CPU = Release|Any CPU
	EndGlobalSection
	GlobalSection(SolutionProperties) = preSolution
		HideSolutionNode = FALSE
	EndGlobalSection
	GlobalSection(ProjectConfigurationPlatforms) = postSolution
		{AE21FF43-435A-4372-9A31-6AE9C0B7CD50}.Debug|Any CPU.ActiveCfg = Debug|Any CPU
		{AE21FF43-435A-4372-9A31-6AE9C0B7CD50}.Debug|Any CPU.Build.0 = Debug|Any CPU
		{AE21FF43-435A-4372-9A31-6AE9C0B7CD50}.Release|Any CPU.ActiveCfg = Release|Any CPU
		{AE21FF43-435A-4372-9A31-6AE9C0B7CD50}.Release|Any CPU.Build.0 = Release|Any CPU
	EndGlobalSection
EndGlobal
